
Microsoft Visual Studio Solution File, Format Version 12.00
# Visual Studio 15
VisualStudioVersion = 15.0.26730.16
MinimumVisualStudioVersion = 10.0.40219.1
Project("{FAE04EC0-301F-11D3-BF4B-00C04F79EFBC}") = "Tests", "Tests\Tests.csproj", "{FEAAE402-8ED0-47FB-8E54-42B1D7F654CC}"
EndProject
Project("{FAE04EC0-301F-11D3-BF4B-00C04F79EFBC}") = "Utils", "Utils\Utils.csproj", "{572499ED-E234-4C66-BD6E-D5A845065C5F}"
EndProject
Project("{D954291E-2A0B-460D-934E-DC6B0785DB48}") = "Common", "Common\Common.shproj", "{19307507-7C7A-433E-9752-7A3E63876991}"
EndProject
Project("{FAE04EC0-301F-11D3-BF4B-00C04F79EFBC}") = "NServiceBus5", "NServiceBus5\NServiceBus5.csproj", "{BE2C7B5E-7A71-4B0C-9020-343ED2010993}"
EndProject
Project("{FAE04EC0-301F-11D3-BF4B-00C04F79EFBC}") = "NServiceBus6", "NServiceBus6\NServiceBus6.csproj", "{10D11044-C92C-42AD-830E-57012FF4F039}"
EndProject
Project("{FAE04EC0-301F-11D3-BF4B-00C04F79EFBC}") = "Persistence.V5.NHibernate_v6", "Persistence.V5.NHibernate.V6\Persistence.V5.NHibernate_v6.csproj", "{207E1813-EC15-4C3B-ADBC-88E3733257E4}"
EndProject
Project("{FAE04EC0-301F-11D3-BF4B-00C04F79EFBC}") = "Persistence.V6.NHibernate_v7", "Persistence.V6.NHibernate.V7\Persistence.V6.NHibernate_v7.csproj", "{02CA6A55-A771-4AD5-912A-484A2BBEFBD5}"
EndProject
Project("{FAE04EC0-301F-11D3-BF4B-00C04F79EFBC}") = "Persistence.V5.RavenDB_v3", "Persistence.V5.RavenDB.V3\Persistence.V5.RavenDB_v3.csproj", "{2951D082-F37D-45F1-92FA-19DCFF3D8622}"
EndProject
Project("{FAE04EC0-301F-11D3-BF4B-00C04F79EFBC}") = "Persistence.V6.RavenDB_v4", "Persistence.V6.RavenDB.V4\Persistence.V6.RavenDB_v4.csproj", "{C3E92DC8-F3C3-4CBF-BBC8-02B6DD440817}"
EndProject
Project("{FAE04EC0-301F-11D3-BF4B-00C04F79EFBC}") = "Persistence.V5.InMemory", "Persistence.V5.InMemory.V5\Persistence.V5.InMemory.csproj", "{D8CB2DA9-4AE4-417C-89C3-00555F5E1F47}"
EndProject
Project("{FAE04EC0-301F-11D3-BF4B-00C04F79EFBC}") = "Transport.V5.MSMQ", "Transport.V5.MSMQ.V5\Transport.V5.MSMQ.csproj", "{1C7DB98E-AEC5-4921-A765-AC81F1B8E40A}"
EndProject
Project("{FAE04EC0-301F-11D3-BF4B-00C04F79EFBC}") = "Transport.V6.MSMQ", "Transport.V6.MSMQ.V6\Transport.V6.MSMQ.csproj", "{182F83FE-F6C2-4B6C-BF65-48EDB28EA14A}"
EndProject
Project("{FAE04EC0-301F-11D3-BF4B-00C04F79EFBC}") = "Transport.V5.SQLServer_v2", "Transport.V5.SQLServer.V2\Transport.V5.SQLServer_v2.csproj", "{1017C202-2EA7-4074-9BF9-276921403F3D}"
EndProject
Project("{FAE04EC0-301F-11D3-BF4B-00C04F79EFBC}") = "Transport.V6.SQLServer_v3", "Transport.V6.SQLServer.V3\Transport.V6.SQLServer_v3.csproj", "{DCECEB8B-70F6-459F-8893-57218338D0F7}"
EndProject
Project("{FAE04EC0-301F-11D3-BF4B-00C04F79EFBC}") = "Transport.V5.RabbitMQ_v3", "Transport.V5.RabbitMQ.V3\Transport.V5.RabbitMQ_v3.csproj", "{87B17C90-2562-4187-A152-3000DD9A6E1B}"
EndProject
Project("{FAE04EC0-301F-11D3-BF4B-00C04F79EFBC}") = "Transport.V6.RabbitMQ_v4", "Transport.V6.RabbitMQ.V4\Transport.V6.RabbitMQ_v4.csproj", "{245211CB-E830-454E-BE75-DCFA904EBB8B}"
EndProject
Project("{FAE04EC0-301F-11D3-BF4B-00C04F79EFBC}") = "Transport.V5.AzureServiceBus_v6", "Transport.V5.AzureServiceBus.V6\Transport.V5.AzureServiceBus_v6.csproj", "{19BE6CC3-9715-4CFA-8B19-5CF42CAAE4A2}"
EndProject
Project("{FAE04EC0-301F-11D3-BF4B-00C04F79EFBC}") = "Transport.V6.AzureServiceBus_v7", "Transport.V6.AzureServiceBus.V7\Transport.V6.AzureServiceBus_v7.csproj", "{3F77A6DF-9683-4450-A0FE-45259461947F}"
EndProject
Project("{FAE04EC0-301F-11D3-BF4B-00C04F79EFBC}") = "Transport.V5.AzureStorageQueues_v6", "Transport.V5.AzureStorageQueues.V6\Transport.V5.AzureStorageQueues_v6.csproj", "{152520F2-7D43-443B-B929-73BDFE9CE792}"
EndProject
Project("{FAE04EC0-301F-11D3-BF4B-00C04F79EFBC}") = "Transport.V6.AzureStorageQueues_v7", "Transport.V6.AzureStorageQueues.V7\Transport.V6.AzureStorageQueues_v7.csproj", "{B8CD6B76-6416-4C10-8746-EC65CA09B191}"
EndProject
Project("{2150E333-8FDC-42A3-9474-1A3956D46DE8}") = "Persistence", "Persistence", "{3CB57DB2-A0E9-4C56-B3D4-9051F34BD2C1}"
EndProject
Project("{2150E333-8FDC-42A3-9474-1A3956D46DE8}") = "Transport", "Transport", "{CF9C0BCF-E877-47A2-BEF4-F0068F16F074}"
EndProject
Project("{FAE04EC0-301F-11D3-BF4B-00C04F79EFBC}") = "Persistence.V6.InMemory", "Persistence.V6.InMemory\Persistence.V6.InMemory.csproj", "{FAC26029-1E00-43E5-B7DB-13318FC1092A}"
EndProject
Project("{FAE04EC0-301F-11D3-BF4B-00C04F79EFBC}") = "VisualStudioDebugHelper", "DebugHandler\VisualStudioDebugHelper.csproj", "{4FFA67B5-3CD7-4E37-918D-26DBD9947FB3}"
EndProject
Project("{2150E333-8FDC-42A3-9474-1A3956D46DE8}") = "Solution Items", "Solution Items", "{FE378DAF-B1F4-418B-B521-C472E541CC0F}"
	ProjectSection(SolutionItems) = preProject
		.connectionstrings.config.template = .connectionstrings.config.template
		cleanup.sql = cleanup.sql
		NServiceBus.ico = NServiceBus.ico
		readme.md = readme.md
		routes.xsd = routes.xsd
		scenarios.md = scenarios.md
	EndProjectSection
EndProject
Project("{FAE04EC0-301F-11D3-BF4B-00C04F79EFBC}") = "Persistence.V5.Azure_v6", "Persistence.V5.Azure_v6\Persistence.V5.Azure_v6.csproj", "{A87B5D9C-1ABE-4F11-A080-6903F7B456FA}"
EndProject
Project("{FAE04EC0-301F-11D3-BF4B-00C04F79EFBC}") = "Persistence.V6.Azure_v7", "Persistence.V6.Azure_v7\Persistence.V6.Azure_v7.csproj", "{426CF1B4-1AEC-42A3-B695-33BEE5A694F3}"
EndProject
Project("{2150E333-8FDC-42A3-9474-1A3956D46DE8}") = "Distribution", "Distribution", "{C2152FBA-31D2-4141-9BE1-57A938135D9F}"
EndProject
Project("{FAE04EC0-301F-11D3-BF4B-00C04F79EFBC}") = "Distribution.V5.MsmqDistributor.V5", "Distribution.V5.MsmqDistributor.V5\Distribution.V5.MsmqDistributor.V5.csproj", "{E1FC8D12-8344-419F-9AE1-B1495B6DEA32}"
EndProject
Project("{FAE04EC0-301F-11D3-BF4B-00C04F79EFBC}") = "Distribution.V6.SenderSide", "Distribution.V6.SenderSide\Distribution.V6.SenderSide.csproj", "{A1FEF639-4BC1-48D8-BB7D-35E985FD404B}"
EndProject
Project("{FAE04EC0-301F-11D3-BF4B-00C04F79EFBC}") = "ArtifactsParser", "ArtifactsParser\ArtifactsParser.csproj", "{1EE3C2EE-7A98-4F57-90CD-11CDE828E0F4}"
EndProject
Project("{FAE04EC0-301F-11D3-BF4B-00C04F79EFBC}") = "NServiceBus7", "NServiceBus7\NServiceBus7.csproj", "{FFD0D5BB-8AD1-48E5-8F73-E009F743849F}"
EndProject
Project("{FAE04EC0-301F-11D3-BF4B-00C04F79EFBC}") = "Transport.V7.MQMQ_v1", "Transport.V7.MQMQ_v1\Transport.V7.MQMQ_v1.csproj", "{65D68C3F-E642-4676-84A0-168EA009477A}"
EndProject
Project("{FAE04EC0-301F-11D3-BF4B-00C04F79EFBC}") = "Persistence.V7.InMemory", "Persistence.V7.InMemory\Persistence.V7.InMemory.csproj", "{F9E0CC37-8473-423D-9C1F-3571050EA5FD}"
EndProject
Project("{FAE04EC0-301F-11D3-BF4B-00C04F79EFBC}") = "Persistence.V7.RavenDB_v4", "Persistence.V7.RavenDB_v4\Persistence.V7.RavenDB_v4.csproj", "{225DB06A-E12E-483A-B744-A3294649EE57}"
EndProject
Project("{FAE04EC0-301F-11D3-BF4B-00C04F79EFBC}") = "Persistence.V7.NHibernate_v8", "Persistence.V7.NHibernate_v8\Persistence.V7.NHibernate_v8.csproj", "{0C678E5B-168D-4596-B7B9-EFEB3173413C}"
EndProject
Project("{FAE04EC0-301F-11D3-BF4B-00C04F79EFBC}") = "Transport.V7.SQLServer_v4", "Transport.V7.SQLServer.V4\Transport.V7.SQLServer_v4.csproj", "{18F93E5B-746A-4F78-B5EE-5F0F286DC78F}"
EndProject
Project("{FAE04EC0-301F-11D3-BF4B-00C04F79EFBC}") = "Transport.V7.AmazonSQS_v4", "Transport.V7.AmazonSQS.V4\Transport.V7.AmazonSQS_v4.csproj", "{0B72CFCD-E3BF-490A-9591-9BD370F23859}"
EndProject
Project("{FAE04EC0-301F-11D3-BF4B-00C04F79EFBC}") = "Transport.V7.RabbitMQ_v5", "Transport.V7.RabbitMQ.V5\Transport.V7.RabbitMQ_v5.csproj", "{7BD6F057-3764-4E40-8CED-FD77DDDC81F6}"
EndProject
Project("{FAE04EC0-301F-11D3-BF4B-00C04F79EFBC}") = "Transport.V7.AzureServiceBus_v8", "Transport.V7.AzureServiceBus.V8\Transport.V7.AzureServiceBus_v8.csproj", "{6375B9A9-D1B7-42AB-A665-7EF6F9E7CFB7}"
EndProject
Project("{FAE04EC0-301F-11D3-BF4B-00C04F79EFBC}") = "Transport.V7.AzureStorageQueues_v8", "Transport.V7.AzureStorageQueues.V8\Transport.V7.AzureStorageQueues_v8.csproj", "{A0F91DE1-7309-45B1-ADBC-D8388C6312C4}"
EndProject
Project("{FAE04EC0-301F-11D3-BF4B-00C04F79EFBC}") = "Persistence.V7.Azure_v8", "Persistence.V7.Azure.V8\Persistence.V7.Azure_v8.csproj", "{4B4045B2-1B52-44B7-9CC2-42C761B56C9B}"
EndProject
Project("{2150E333-8FDC-42A3-9474-1A3956D46DE8}") = "AzureServiceBus", "AzureServiceBus", "{4D5970FE-3F07-4EC9-8382-0466F2F00AC0}"
EndProject
Project("{2150E333-8FDC-42A3-9474-1A3956D46DE8}") = "RabbitMQ", "RabbitMQ", "{0F530B83-94A6-47DB-AF45-158F8ACE8DF5}"
EndProject
Project("{2150E333-8FDC-42A3-9474-1A3956D46DE8}") = "MSMQ", "MSMQ", "{0AC0F0FC-ACDC-460E-AB31-52C9EEBBFEE1}"
EndProject
Project("{2150E333-8FDC-42A3-9474-1A3956D46DE8}") = "AzureStorageQueues", "AzureStorageQueues", "{CC061747-CEC2-431C-97ED-4D77BF44A830}"
EndProject
Project("{2150E333-8FDC-42A3-9474-1A3956D46DE8}") = "SQLServer", "SQLServer", "{9F39D344-BD5E-4F19-A7DC-9384FA111DD2}"
EndProject
Project("{2150E333-8FDC-42A3-9474-1A3956D46DE8}") = "AmazonSQS", "AmazonSQS", "{6350B419-BA36-45CA-B21F-F791E6A987A8}"
EndProject
Project("{2150E333-8FDC-42A3-9474-1A3956D46DE8}") = "Azure", "Azure", "{4295310E-0B01-40F1-A33F-3B453BBDFF90}"
EndProject
Project("{2150E333-8FDC-42A3-9474-1A3956D46DE8}") = "InMemory", "InMemory", "{C43AABE8-93C5-493B-BB27-0F646EAF6E7A}"
EndProject
Project("{2150E333-8FDC-42A3-9474-1A3956D46DE8}") = "NHibernate", "NHibernate", "{9B105C3A-2063-4875-9E32-C302EC4CC2C6}"
EndProject
Project("{2150E333-8FDC-42A3-9474-1A3956D46DE8}") = "RavenDB", "RavenDB", "{2CCF5185-7C29-403B-8D51-CB0F33848B7F}"
EndProject
Project("{2150E333-8FDC-42A3-9474-1A3956D46DE8}") = "Hosts", "Hosts", "{735027A4-485E-4169-9BDA-B2FA16EDD418}"
EndProject
Project("{FAE04EC0-301F-11D3-BF4B-00C04F79EFBC}") = "Transport.V6.AmazonSQS_v3", "Transport.V6.AmazonSQS.V3\Transport.V6.AmazonSQS_v3.csproj", "{54C2B9E0-E4C3-4602-8346-977806DA895E}"
EndProject
Project("{2150E333-8FDC-42A3-9474-1A3956D46DE8}") = "SQL", "SQL", "{51408171-3259-41A1-8621-5831B9CD569E}"
EndProject
Project("{FAE04EC0-301F-11D3-BF4B-00C04F79EFBC}") = "Persistence.V7.Sql.V3", "Persistence.V7.SQL.V3\Persistence.V7.Sql.V3.csproj", "{BCF08AAB-D264-43E9-B970-C2BE8AADF038}"
EndProject
Project("{D954291E-2A0B-460D-934E-DC6B0785DB48}") = "Scenarios", "Scenarios\Scenarios.shproj", "{E2D3CA80-F978-4BAC-A873-3DD939FC65AE}"
EndProject
Project("{FAE04EC0-301F-11D3-BF4B-00C04F79EFBC}") = "Persistence.V6.Sql_v2", "Persistence.V6.Sql.V2\Persistence.V6.Sql_v2.csproj", "{A3E380CE-6E44-4ED4-BBF6-BF08FA4DAE6D}"
EndProject
Global
	GlobalSection(SharedMSBuildProjectFiles) = preSolution
		Scenarios\Scenarios.projitems*{02ca6a55-a771-4ad5-912a-484a2bbefbd5}*SharedItemsImports = 4
		Scenarios\Scenarios.projitems*{0c678e5b-168d-4596-b7b9-efeb3173413c}*SharedItemsImports = 4
		Common\Common.Data.projitems*{10d11044-c92c-42ad-830e-57012ff4f039}*SharedItemsImports = 4
		Common\Common.Data.projitems*{19307507-7c7a-433e-9752-7a3e63876991}*SharedItemsImports = 13
		Scenarios\Scenarios.projitems*{207e1813-ec15-4c3b-adbc-88e3733257e4}*SharedItemsImports = 4
		Scenarios\Scenarios.projitems*{225db06a-e12e-483a-b744-a3294649ee57}*SharedItemsImports = 4
		Scenarios\Scenarios.projitems*{2951d082-f37d-45f1-92fa-19dcff3d8622}*SharedItemsImports = 4
		Scenarios\Scenarios.projitems*{426cf1b4-1aec-42a3-b695-33bee5a694f3}*SharedItemsImports = 4
		Scenarios\Scenarios.projitems*{4b4045b2-1b52-44b7-9cc2-42c761b56c9b}*SharedItemsImports = 4
		Scenarios\Scenarios.projitems*{a3e380ce-6e44-4ed4-bbf6-bf08fa4dae6d}*SharedItemsImports = 4
		Scenarios\Scenarios.projitems*{a87b5d9c-1abe-4f11-a080-6903f7b456fa}*SharedItemsImports = 4
		Scenarios\Scenarios.projitems*{bcf08aab-d264-43e9-b970-c2be8aadf038}*SharedItemsImports = 4
		Common\Common.Data.projitems*{be2c7b5e-7a71-4b0c-9020-343ed2010993}*SharedItemsImports = 4
		Scenarios\Scenarios.projitems*{c3e92dc8-f3c3-4cbf-bbc8-02b6dd440817}*SharedItemsImports = 4
		Scenarios\Scenarios.projitems*{d8cb2da9-4ae4-417c-89c3-00555f5e1f47}*SharedItemsImports = 4
		Scenarios\Scenarios.projitems*{e2d3ca80-f978-4bac-a873-3dd939fc65ae}*SharedItemsImports = 13
		Scenarios\Scenarios.projitems*{f9e0cc37-8473-423d-9c1f-3571050ea5fd}*SharedItemsImports = 4
		Scenarios\Scenarios.projitems*{fac26029-1e00-43e5-b7db-13318fc1092a}*SharedItemsImports = 4
		Common\Common.Data.projitems*{ffd0d5bb-8ad1-48e5-8f73-e009f743849f}*SharedItemsImports = 4
	EndGlobalSection
	GlobalSection(SolutionConfigurationPlatforms) = preSolution
		Debug|Any CPU = Debug|Any CPU
		Local|Any CPU = Local|Any CPU
		Release|Any CPU = Release|Any CPU
	EndGlobalSection
	GlobalSection(ProjectConfigurationPlatforms) = postSolution
		{FEAAE402-8ED0-47FB-8E54-42B1D7F654CC}.Debug|Any CPU.ActiveCfg = Debug|Any CPU
		{FEAAE402-8ED0-47FB-8E54-42B1D7F654CC}.Debug|Any CPU.Build.0 = Debug|Any CPU
		{FEAAE402-8ED0-47FB-8E54-42B1D7F654CC}.Local|Any CPU.ActiveCfg = Local|Any CPU
		{FEAAE402-8ED0-47FB-8E54-42B1D7F654CC}.Local|Any CPU.Build.0 = Local|Any CPU
		{FEAAE402-8ED0-47FB-8E54-42B1D7F654CC}.Release|Any CPU.ActiveCfg = Release|Any CPU
		{FEAAE402-8ED0-47FB-8E54-42B1D7F654CC}.Release|Any CPU.Build.0 = Release|Any CPU
		{572499ED-E234-4C66-BD6E-D5A845065C5F}.Debug|Any CPU.ActiveCfg = Debug|Any CPU
		{572499ED-E234-4C66-BD6E-D5A845065C5F}.Debug|Any CPU.Build.0 = Debug|Any CPU
		{572499ED-E234-4C66-BD6E-D5A845065C5F}.Local|Any CPU.ActiveCfg = Local|Any CPU
		{572499ED-E234-4C66-BD6E-D5A845065C5F}.Local|Any CPU.Build.0 = Local|Any CPU
		{572499ED-E234-4C66-BD6E-D5A845065C5F}.Release|Any CPU.ActiveCfg = Release|Any CPU
		{572499ED-E234-4C66-BD6E-D5A845065C5F}.Release|Any CPU.Build.0 = Release|Any CPU
		{BE2C7B5E-7A71-4B0C-9020-343ED2010993}.Debug|Any CPU.ActiveCfg = Debug|Any CPU
		{BE2C7B5E-7A71-4B0C-9020-343ED2010993}.Debug|Any CPU.Build.0 = Debug|Any CPU
		{BE2C7B5E-7A71-4B0C-9020-343ED2010993}.Local|Any CPU.ActiveCfg = Local|Any CPU
		{BE2C7B5E-7A71-4B0C-9020-343ED2010993}.Local|Any CPU.Build.0 = Local|Any CPU
		{BE2C7B5E-7A71-4B0C-9020-343ED2010993}.Release|Any CPU.ActiveCfg = Release|Any CPU
		{BE2C7B5E-7A71-4B0C-9020-343ED2010993}.Release|Any CPU.Build.0 = Release|Any CPU
		{10D11044-C92C-42AD-830E-57012FF4F039}.Debug|Any CPU.ActiveCfg = Debug|Any CPU
		{10D11044-C92C-42AD-830E-57012FF4F039}.Debug|Any CPU.Build.0 = Debug|Any CPU
		{10D11044-C92C-42AD-830E-57012FF4F039}.Local|Any CPU.ActiveCfg = Local|Any CPU
		{10D11044-C92C-42AD-830E-57012FF4F039}.Local|Any CPU.Build.0 = Local|Any CPU
		{10D11044-C92C-42AD-830E-57012FF4F039}.Release|Any CPU.ActiveCfg = Release|Any CPU
		{10D11044-C92C-42AD-830E-57012FF4F039}.Release|Any CPU.Build.0 = Release|Any CPU
		{207E1813-EC15-4C3B-ADBC-88E3733257E4}.Debug|Any CPU.ActiveCfg = Debug|Any CPU
		{207E1813-EC15-4C3B-ADBC-88E3733257E4}.Debug|Any CPU.Build.0 = Debug|Any CPU
		{207E1813-EC15-4C3B-ADBC-88E3733257E4}.Local|Any CPU.ActiveCfg = Local|Any CPU
		{207E1813-EC15-4C3B-ADBC-88E3733257E4}.Local|Any CPU.Build.0 = Local|Any CPU
		{207E1813-EC15-4C3B-ADBC-88E3733257E4}.Release|Any CPU.ActiveCfg = Release|Any CPU
		{207E1813-EC15-4C3B-ADBC-88E3733257E4}.Release|Any CPU.Build.0 = Release|Any CPU
		{02CA6A55-A771-4AD5-912A-484A2BBEFBD5}.Debug|Any CPU.ActiveCfg = Debug|Any CPU
		{02CA6A55-A771-4AD5-912A-484A2BBEFBD5}.Debug|Any CPU.Build.0 = Debug|Any CPU
		{02CA6A55-A771-4AD5-912A-484A2BBEFBD5}.Local|Any CPU.ActiveCfg = Local|Any CPU
		{02CA6A55-A771-4AD5-912A-484A2BBEFBD5}.Local|Any CPU.Build.0 = Local|Any CPU
		{02CA6A55-A771-4AD5-912A-484A2BBEFBD5}.Release|Any CPU.ActiveCfg = Release|Any CPU
		{02CA6A55-A771-4AD5-912A-484A2BBEFBD5}.Release|Any CPU.Build.0 = Release|Any CPU
		{2951D082-F37D-45F1-92FA-19DCFF3D8622}.Debug|Any CPU.ActiveCfg = Debug|Any CPU
		{2951D082-F37D-45F1-92FA-19DCFF3D8622}.Debug|Any CPU.Build.0 = Debug|Any CPU
		{2951D082-F37D-45F1-92FA-19DCFF3D8622}.Local|Any CPU.ActiveCfg = Local|Any CPU
		{2951D082-F37D-45F1-92FA-19DCFF3D8622}.Local|Any CPU.Build.0 = Local|Any CPU
		{2951D082-F37D-45F1-92FA-19DCFF3D8622}.Release|Any CPU.ActiveCfg = Release|Any CPU
		{2951D082-F37D-45F1-92FA-19DCFF3D8622}.Release|Any CPU.Build.0 = Release|Any CPU
		{C3E92DC8-F3C3-4CBF-BBC8-02B6DD440817}.Debug|Any CPU.ActiveCfg = Debug|Any CPU
		{C3E92DC8-F3C3-4CBF-BBC8-02B6DD440817}.Debug|Any CPU.Build.0 = Debug|Any CPU
		{C3E92DC8-F3C3-4CBF-BBC8-02B6DD440817}.Local|Any CPU.ActiveCfg = Local|Any CPU
		{C3E92DC8-F3C3-4CBF-BBC8-02B6DD440817}.Local|Any CPU.Build.0 = Local|Any CPU
		{C3E92DC8-F3C3-4CBF-BBC8-02B6DD440817}.Release|Any CPU.ActiveCfg = Release|Any CPU
		{C3E92DC8-F3C3-4CBF-BBC8-02B6DD440817}.Release|Any CPU.Build.0 = Release|Any CPU
		{D8CB2DA9-4AE4-417C-89C3-00555F5E1F47}.Debug|Any CPU.ActiveCfg = Debug|Any CPU
		{D8CB2DA9-4AE4-417C-89C3-00555F5E1F47}.Debug|Any CPU.Build.0 = Debug|Any CPU
		{D8CB2DA9-4AE4-417C-89C3-00555F5E1F47}.Local|Any CPU.ActiveCfg = Local|Any CPU
		{D8CB2DA9-4AE4-417C-89C3-00555F5E1F47}.Local|Any CPU.Build.0 = Local|Any CPU
		{D8CB2DA9-4AE4-417C-89C3-00555F5E1F47}.Release|Any CPU.ActiveCfg = Release|Any CPU
		{D8CB2DA9-4AE4-417C-89C3-00555F5E1F47}.Release|Any CPU.Build.0 = Release|Any CPU
		{1C7DB98E-AEC5-4921-A765-AC81F1B8E40A}.Debug|Any CPU.ActiveCfg = Debug|Any CPU
		{1C7DB98E-AEC5-4921-A765-AC81F1B8E40A}.Debug|Any CPU.Build.0 = Debug|Any CPU
		{1C7DB98E-AEC5-4921-A765-AC81F1B8E40A}.Local|Any CPU.ActiveCfg = Local|Any CPU
		{1C7DB98E-AEC5-4921-A765-AC81F1B8E40A}.Local|Any CPU.Build.0 = Local|Any CPU
		{1C7DB98E-AEC5-4921-A765-AC81F1B8E40A}.Release|Any CPU.ActiveCfg = Release|Any CPU
		{1C7DB98E-AEC5-4921-A765-AC81F1B8E40A}.Release|Any CPU.Build.0 = Release|Any CPU
		{182F83FE-F6C2-4B6C-BF65-48EDB28EA14A}.Debug|Any CPU.ActiveCfg = Debug|Any CPU
		{182F83FE-F6C2-4B6C-BF65-48EDB28EA14A}.Debug|Any CPU.Build.0 = Debug|Any CPU
		{182F83FE-F6C2-4B6C-BF65-48EDB28EA14A}.Local|Any CPU.ActiveCfg = Local|Any CPU
		{182F83FE-F6C2-4B6C-BF65-48EDB28EA14A}.Local|Any CPU.Build.0 = Local|Any CPU
		{182F83FE-F6C2-4B6C-BF65-48EDB28EA14A}.Release|Any CPU.ActiveCfg = Release|Any CPU
		{182F83FE-F6C2-4B6C-BF65-48EDB28EA14A}.Release|Any CPU.Build.0 = Release|Any CPU
		{1017C202-2EA7-4074-9BF9-276921403F3D}.Debug|Any CPU.ActiveCfg = Debug|Any CPU
		{1017C202-2EA7-4074-9BF9-276921403F3D}.Debug|Any CPU.Build.0 = Debug|Any CPU
		{1017C202-2EA7-4074-9BF9-276921403F3D}.Local|Any CPU.ActiveCfg = Local|Any CPU
		{1017C202-2EA7-4074-9BF9-276921403F3D}.Local|Any CPU.Build.0 = Local|Any CPU
		{1017C202-2EA7-4074-9BF9-276921403F3D}.Release|Any CPU.ActiveCfg = Release|Any CPU
		{1017C202-2EA7-4074-9BF9-276921403F3D}.Release|Any CPU.Build.0 = Release|Any CPU
		{DCECEB8B-70F6-459F-8893-57218338D0F7}.Debug|Any CPU.ActiveCfg = Debug|Any CPU
		{DCECEB8B-70F6-459F-8893-57218338D0F7}.Debug|Any CPU.Build.0 = Debug|Any CPU
		{DCECEB8B-70F6-459F-8893-57218338D0F7}.Local|Any CPU.ActiveCfg = Local|Any CPU
		{DCECEB8B-70F6-459F-8893-57218338D0F7}.Local|Any CPU.Build.0 = Local|Any CPU
		{DCECEB8B-70F6-459F-8893-57218338D0F7}.Release|Any CPU.ActiveCfg = Release|Any CPU
		{DCECEB8B-70F6-459F-8893-57218338D0F7}.Release|Any CPU.Build.0 = Release|Any CPU
		{87B17C90-2562-4187-A152-3000DD9A6E1B}.Debug|Any CPU.ActiveCfg = Debug|Any CPU
		{87B17C90-2562-4187-A152-3000DD9A6E1B}.Debug|Any CPU.Build.0 = Debug|Any CPU
		{87B17C90-2562-4187-A152-3000DD9A6E1B}.Local|Any CPU.ActiveCfg = Local|Any CPU
		{87B17C90-2562-4187-A152-3000DD9A6E1B}.Local|Any CPU.Build.0 = Local|Any CPU
		{87B17C90-2562-4187-A152-3000DD9A6E1B}.Release|Any CPU.ActiveCfg = Release|Any CPU
		{87B17C90-2562-4187-A152-3000DD9A6E1B}.Release|Any CPU.Build.0 = Release|Any CPU
		{245211CB-E830-454E-BE75-DCFA904EBB8B}.Debug|Any CPU.ActiveCfg = Debug|Any CPU
		{245211CB-E830-454E-BE75-DCFA904EBB8B}.Debug|Any CPU.Build.0 = Debug|Any CPU
		{245211CB-E830-454E-BE75-DCFA904EBB8B}.Local|Any CPU.ActiveCfg = Local|Any CPU
		{245211CB-E830-454E-BE75-DCFA904EBB8B}.Local|Any CPU.Build.0 = Local|Any CPU
		{245211CB-E830-454E-BE75-DCFA904EBB8B}.Release|Any CPU.ActiveCfg = Release|Any CPU
		{245211CB-E830-454E-BE75-DCFA904EBB8B}.Release|Any CPU.Build.0 = Release|Any CPU
		{19BE6CC3-9715-4CFA-8B19-5CF42CAAE4A2}.Debug|Any CPU.ActiveCfg = Debug|Any CPU
		{19BE6CC3-9715-4CFA-8B19-5CF42CAAE4A2}.Debug|Any CPU.Build.0 = Debug|Any CPU
		{19BE6CC3-9715-4CFA-8B19-5CF42CAAE4A2}.Local|Any CPU.ActiveCfg = Local|Any CPU
		{19BE6CC3-9715-4CFA-8B19-5CF42CAAE4A2}.Local|Any CPU.Build.0 = Local|Any CPU
		{19BE6CC3-9715-4CFA-8B19-5CF42CAAE4A2}.Release|Any CPU.ActiveCfg = Release|Any CPU
		{19BE6CC3-9715-4CFA-8B19-5CF42CAAE4A2}.Release|Any CPU.Build.0 = Release|Any CPU
		{3F77A6DF-9683-4450-A0FE-45259461947F}.Debug|Any CPU.ActiveCfg = Debug|Any CPU
		{3F77A6DF-9683-4450-A0FE-45259461947F}.Debug|Any CPU.Build.0 = Debug|Any CPU
		{3F77A6DF-9683-4450-A0FE-45259461947F}.Local|Any CPU.ActiveCfg = Local|Any CPU
		{3F77A6DF-9683-4450-A0FE-45259461947F}.Local|Any CPU.Build.0 = Local|Any CPU
		{3F77A6DF-9683-4450-A0FE-45259461947F}.Release|Any CPU.ActiveCfg = Release|Any CPU
		{3F77A6DF-9683-4450-A0FE-45259461947F}.Release|Any CPU.Build.0 = Release|Any CPU
		{152520F2-7D43-443B-B929-73BDFE9CE792}.Debug|Any CPU.ActiveCfg = Debug|Any CPU
		{152520F2-7D43-443B-B929-73BDFE9CE792}.Debug|Any CPU.Build.0 = Debug|Any CPU
		{152520F2-7D43-443B-B929-73BDFE9CE792}.Local|Any CPU.ActiveCfg = Local|Any CPU
		{152520F2-7D43-443B-B929-73BDFE9CE792}.Local|Any CPU.Build.0 = Local|Any CPU
		{152520F2-7D43-443B-B929-73BDFE9CE792}.Release|Any CPU.ActiveCfg = Release|Any CPU
		{152520F2-7D43-443B-B929-73BDFE9CE792}.Release|Any CPU.Build.0 = Release|Any CPU
		{B8CD6B76-6416-4C10-8746-EC65CA09B191}.Debug|Any CPU.ActiveCfg = Debug|Any CPU
		{B8CD6B76-6416-4C10-8746-EC65CA09B191}.Debug|Any CPU.Build.0 = Debug|Any CPU
		{B8CD6B76-6416-4C10-8746-EC65CA09B191}.Local|Any CPU.ActiveCfg = Local|Any CPU
		{B8CD6B76-6416-4C10-8746-EC65CA09B191}.Local|Any CPU.Build.0 = Local|Any CPU
		{B8CD6B76-6416-4C10-8746-EC65CA09B191}.Release|Any CPU.ActiveCfg = Release|Any CPU
		{B8CD6B76-6416-4C10-8746-EC65CA09B191}.Release|Any CPU.Build.0 = Release|Any CPU
		{FAC26029-1E00-43E5-B7DB-13318FC1092A}.Debug|Any CPU.ActiveCfg = Debug|Any CPU
		{FAC26029-1E00-43E5-B7DB-13318FC1092A}.Debug|Any CPU.Build.0 = Debug|Any CPU
		{FAC26029-1E00-43E5-B7DB-13318FC1092A}.Local|Any CPU.ActiveCfg = Local|Any CPU
		{FAC26029-1E00-43E5-B7DB-13318FC1092A}.Local|Any CPU.Build.0 = Local|Any CPU
		{FAC26029-1E00-43E5-B7DB-13318FC1092A}.Release|Any CPU.ActiveCfg = Release|Any CPU
		{FAC26029-1E00-43E5-B7DB-13318FC1092A}.Release|Any CPU.Build.0 = Release|Any CPU
		{4FFA67B5-3CD7-4E37-918D-26DBD9947FB3}.Debug|Any CPU.ActiveCfg = Debug|Any CPU
		{4FFA67B5-3CD7-4E37-918D-26DBD9947FB3}.Debug|Any CPU.Build.0 = Debug|Any CPU
		{4FFA67B5-3CD7-4E37-918D-26DBD9947FB3}.Local|Any CPU.ActiveCfg = Local|Any CPU
		{4FFA67B5-3CD7-4E37-918D-26DBD9947FB3}.Local|Any CPU.Build.0 = Local|Any CPU
		{4FFA67B5-3CD7-4E37-918D-26DBD9947FB3}.Release|Any CPU.ActiveCfg = Release|Any CPU
		{4FFA67B5-3CD7-4E37-918D-26DBD9947FB3}.Release|Any CPU.Build.0 = Release|Any CPU
		{A87B5D9C-1ABE-4F11-A080-6903F7B456FA}.Debug|Any CPU.ActiveCfg = Debug|Any CPU
		{A87B5D9C-1ABE-4F11-A080-6903F7B456FA}.Debug|Any CPU.Build.0 = Debug|Any CPU
		{A87B5D9C-1ABE-4F11-A080-6903F7B456FA}.Local|Any CPU.ActiveCfg = Local|Any CPU
		{A87B5D9C-1ABE-4F11-A080-6903F7B456FA}.Local|Any CPU.Build.0 = Local|Any CPU
		{A87B5D9C-1ABE-4F11-A080-6903F7B456FA}.Release|Any CPU.ActiveCfg = Release|Any CPU
		{A87B5D9C-1ABE-4F11-A080-6903F7B456FA}.Release|Any CPU.Build.0 = Release|Any CPU
		{426CF1B4-1AEC-42A3-B695-33BEE5A694F3}.Debug|Any CPU.ActiveCfg = Debug|Any CPU
		{426CF1B4-1AEC-42A3-B695-33BEE5A694F3}.Debug|Any CPU.Build.0 = Debug|Any CPU
		{426CF1B4-1AEC-42A3-B695-33BEE5A694F3}.Local|Any CPU.ActiveCfg = Local|Any CPU
		{426CF1B4-1AEC-42A3-B695-33BEE5A694F3}.Local|Any CPU.Build.0 = Local|Any CPU
		{426CF1B4-1AEC-42A3-B695-33BEE5A694F3}.Release|Any CPU.ActiveCfg = Release|Any CPU
		{426CF1B4-1AEC-42A3-B695-33BEE5A694F3}.Release|Any CPU.Build.0 = Release|Any CPU
		{E1FC8D12-8344-419F-9AE1-B1495B6DEA32}.Debug|Any CPU.ActiveCfg = Debug|Any CPU
		{E1FC8D12-8344-419F-9AE1-B1495B6DEA32}.Debug|Any CPU.Build.0 = Debug|Any CPU
		{E1FC8D12-8344-419F-9AE1-B1495B6DEA32}.Local|Any CPU.ActiveCfg = Local|Any CPU
		{E1FC8D12-8344-419F-9AE1-B1495B6DEA32}.Local|Any CPU.Build.0 = Local|Any CPU
		{E1FC8D12-8344-419F-9AE1-B1495B6DEA32}.Release|Any CPU.ActiveCfg = Release|Any CPU
		{E1FC8D12-8344-419F-9AE1-B1495B6DEA32}.Release|Any CPU.Build.0 = Release|Any CPU
		{A1FEF639-4BC1-48D8-BB7D-35E985FD404B}.Debug|Any CPU.ActiveCfg = Debug|Any CPU
		{A1FEF639-4BC1-48D8-BB7D-35E985FD404B}.Debug|Any CPU.Build.0 = Debug|Any CPU
		{A1FEF639-4BC1-48D8-BB7D-35E985FD404B}.Local|Any CPU.ActiveCfg = Local|Any CPU
		{A1FEF639-4BC1-48D8-BB7D-35E985FD404B}.Local|Any CPU.Build.0 = Local|Any CPU
		{A1FEF639-4BC1-48D8-BB7D-35E985FD404B}.Release|Any CPU.ActiveCfg = Release|Any CPU
		{A1FEF639-4BC1-48D8-BB7D-35E985FD404B}.Release|Any CPU.Build.0 = Release|Any CPU
		{1EE3C2EE-7A98-4F57-90CD-11CDE828E0F4}.Debug|Any CPU.ActiveCfg = Debug|Any CPU
		{1EE3C2EE-7A98-4F57-90CD-11CDE828E0F4}.Debug|Any CPU.Build.0 = Debug|Any CPU
		{1EE3C2EE-7A98-4F57-90CD-11CDE828E0F4}.Local|Any CPU.ActiveCfg = Release|Any CPU
		{1EE3C2EE-7A98-4F57-90CD-11CDE828E0F4}.Local|Any CPU.Build.0 = Release|Any CPU
		{1EE3C2EE-7A98-4F57-90CD-11CDE828E0F4}.Release|Any CPU.ActiveCfg = Release|Any CPU
		{1EE3C2EE-7A98-4F57-90CD-11CDE828E0F4}.Release|Any CPU.Build.0 = Release|Any CPU
		{FFD0D5BB-8AD1-48E5-8F73-E009F743849F}.Debug|Any CPU.ActiveCfg = Debug|Any CPU
		{FFD0D5BB-8AD1-48E5-8F73-E009F743849F}.Debug|Any CPU.Build.0 = Debug|Any CPU
		{FFD0D5BB-8AD1-48E5-8F73-E009F743849F}.Local|Any CPU.ActiveCfg = Local|Any CPU
		{FFD0D5BB-8AD1-48E5-8F73-E009F743849F}.Local|Any CPU.Build.0 = Local|Any CPU
		{FFD0D5BB-8AD1-48E5-8F73-E009F743849F}.Release|Any CPU.ActiveCfg = Release|Any CPU
		{FFD0D5BB-8AD1-48E5-8F73-E009F743849F}.Release|Any CPU.Build.0 = Release|Any CPU
		{65D68C3F-E642-4676-84A0-168EA009477A}.Debug|Any CPU.ActiveCfg = Debug|Any CPU
		{65D68C3F-E642-4676-84A0-168EA009477A}.Debug|Any CPU.Build.0 = Debug|Any CPU
		{65D68C3F-E642-4676-84A0-168EA009477A}.Local|Any CPU.ActiveCfg = Local|Any CPU
		{65D68C3F-E642-4676-84A0-168EA009477A}.Local|Any CPU.Build.0 = Local|Any CPU
		{65D68C3F-E642-4676-84A0-168EA009477A}.Release|Any CPU.ActiveCfg = Release|Any CPU
		{65D68C3F-E642-4676-84A0-168EA009477A}.Release|Any CPU.Build.0 = Release|Any CPU
		{F9E0CC37-8473-423D-9C1F-3571050EA5FD}.Debug|Any CPU.ActiveCfg = Debug|Any CPU
		{F9E0CC37-8473-423D-9C1F-3571050EA5FD}.Debug|Any CPU.Build.0 = Debug|Any CPU
		{F9E0CC37-8473-423D-9C1F-3571050EA5FD}.Local|Any CPU.ActiveCfg = Local|Any CPU
		{F9E0CC37-8473-423D-9C1F-3571050EA5FD}.Local|Any CPU.Build.0 = Local|Any CPU
		{F9E0CC37-8473-423D-9C1F-3571050EA5FD}.Release|Any CPU.ActiveCfg = Release|Any CPU
		{F9E0CC37-8473-423D-9C1F-3571050EA5FD}.Release|Any CPU.Build.0 = Release|Any CPU
		{225DB06A-E12E-483A-B744-A3294649EE57}.Debug|Any CPU.ActiveCfg = Debug|Any CPU
		{225DB06A-E12E-483A-B744-A3294649EE57}.Debug|Any CPU.Build.0 = Debug|Any CPU
		{225DB06A-E12E-483A-B744-A3294649EE57}.Local|Any CPU.ActiveCfg = Local|Any CPU
		{225DB06A-E12E-483A-B744-A3294649EE57}.Local|Any CPU.Build.0 = Local|Any CPU
		{225DB06A-E12E-483A-B744-A3294649EE57}.Release|Any CPU.ActiveCfg = Release|Any CPU
		{225DB06A-E12E-483A-B744-A3294649EE57}.Release|Any CPU.Build.0 = Release|Any CPU
		{0C678E5B-168D-4596-B7B9-EFEB3173413C}.Debug|Any CPU.ActiveCfg = Debug|Any CPU
		{0C678E5B-168D-4596-B7B9-EFEB3173413C}.Debug|Any CPU.Build.0 = Debug|Any CPU
		{0C678E5B-168D-4596-B7B9-EFEB3173413C}.Local|Any CPU.ActiveCfg = Local|Any CPU
		{0C678E5B-168D-4596-B7B9-EFEB3173413C}.Local|Any CPU.Build.0 = Local|Any CPU
		{0C678E5B-168D-4596-B7B9-EFEB3173413C}.Release|Any CPU.ActiveCfg = Release|Any CPU
		{0C678E5B-168D-4596-B7B9-EFEB3173413C}.Release|Any CPU.Build.0 = Release|Any CPU
		{18F93E5B-746A-4F78-B5EE-5F0F286DC78F}.Debug|Any CPU.ActiveCfg = Debug|Any CPU
		{18F93E5B-746A-4F78-B5EE-5F0F286DC78F}.Debug|Any CPU.Build.0 = Debug|Any CPU
		{18F93E5B-746A-4F78-B5EE-5F0F286DC78F}.Local|Any CPU.ActiveCfg = Local|Any CPU
		{18F93E5B-746A-4F78-B5EE-5F0F286DC78F}.Local|Any CPU.Build.0 = Local|Any CPU
		{18F93E5B-746A-4F78-B5EE-5F0F286DC78F}.Release|Any CPU.ActiveCfg = Release|Any CPU
		{18F93E5B-746A-4F78-B5EE-5F0F286DC78F}.Release|Any CPU.Build.0 = Release|Any CPU
		{0B72CFCD-E3BF-490A-9591-9BD370F23859}.Debug|Any CPU.ActiveCfg = Debug|Any CPU
		{0B72CFCD-E3BF-490A-9591-9BD370F23859}.Debug|Any CPU.Build.0 = Debug|Any CPU
		{0B72CFCD-E3BF-490A-9591-9BD370F23859}.Local|Any CPU.ActiveCfg = Local|Any CPU
		{0B72CFCD-E3BF-490A-9591-9BD370F23859}.Local|Any CPU.Build.0 = Local|Any CPU
		{0B72CFCD-E3BF-490A-9591-9BD370F23859}.Release|Any CPU.ActiveCfg = Release|Any CPU
		{0B72CFCD-E3BF-490A-9591-9BD370F23859}.Release|Any CPU.Build.0 = Release|Any CPU
		{7BD6F057-3764-4E40-8CED-FD77DDDC81F6}.Debug|Any CPU.ActiveCfg = Debug|Any CPU
		{7BD6F057-3764-4E40-8CED-FD77DDDC81F6}.Debug|Any CPU.Build.0 = Debug|Any CPU
		{7BD6F057-3764-4E40-8CED-FD77DDDC81F6}.Local|Any CPU.ActiveCfg = Local|Any CPU
		{7BD6F057-3764-4E40-8CED-FD77DDDC81F6}.Local|Any CPU.Build.0 = Local|Any CPU
		{7BD6F057-3764-4E40-8CED-FD77DDDC81F6}.Release|Any CPU.ActiveCfg = Release|Any CPU
		{7BD6F057-3764-4E40-8CED-FD77DDDC81F6}.Release|Any CPU.Build.0 = Release|Any CPU
		{6375B9A9-D1B7-42AB-A665-7EF6F9E7CFB7}.Debug|Any CPU.ActiveCfg = Debug|Any CPU
		{6375B9A9-D1B7-42AB-A665-7EF6F9E7CFB7}.Debug|Any CPU.Build.0 = Debug|Any CPU
		{6375B9A9-D1B7-42AB-A665-7EF6F9E7CFB7}.Local|Any CPU.ActiveCfg = Local|Any CPU
		{6375B9A9-D1B7-42AB-A665-7EF6F9E7CFB7}.Local|Any CPU.Build.0 = Local|Any CPU
		{6375B9A9-D1B7-42AB-A665-7EF6F9E7CFB7}.Release|Any CPU.ActiveCfg = Release|Any CPU
		{6375B9A9-D1B7-42AB-A665-7EF6F9E7CFB7}.Release|Any CPU.Build.0 = Release|Any CPU
		{A0F91DE1-7309-45B1-ADBC-D8388C6312C4}.Debug|Any CPU.ActiveCfg = Debug|Any CPU
		{A0F91DE1-7309-45B1-ADBC-D8388C6312C4}.Debug|Any CPU.Build.0 = Debug|Any CPU
		{A0F91DE1-7309-45B1-ADBC-D8388C6312C4}.Local|Any CPU.ActiveCfg = Local|Any CPU
		{A0F91DE1-7309-45B1-ADBC-D8388C6312C4}.Local|Any CPU.Build.0 = Local|Any CPU
		{A0F91DE1-7309-45B1-ADBC-D8388C6312C4}.Release|Any CPU.ActiveCfg = Release|Any CPU
		{A0F91DE1-7309-45B1-ADBC-D8388C6312C4}.Release|Any CPU.Build.0 = Release|Any CPU
		{4B4045B2-1B52-44B7-9CC2-42C761B56C9B}.Debug|Any CPU.ActiveCfg = Debug|Any CPU
		{4B4045B2-1B52-44B7-9CC2-42C761B56C9B}.Debug|Any CPU.Build.0 = Debug|Any CPU
		{4B4045B2-1B52-44B7-9CC2-42C761B56C9B}.Local|Any CPU.ActiveCfg = Local|Any CPU
		{4B4045B2-1B52-44B7-9CC2-42C761B56C9B}.Local|Any CPU.Build.0 = Local|Any CPU
		{4B4045B2-1B52-44B7-9CC2-42C761B56C9B}.Release|Any CPU.ActiveCfg = Release|Any CPU
		{4B4045B2-1B52-44B7-9CC2-42C761B56C9B}.Release|Any CPU.Build.0 = Release|Any CPU
		{54C2B9E0-E4C3-4602-8346-977806DA895E}.Debug|Any CPU.ActiveCfg = Debug|Any CPU
		{54C2B9E0-E4C3-4602-8346-977806DA895E}.Debug|Any CPU.Build.0 = Debug|Any CPU
		{54C2B9E0-E4C3-4602-8346-977806DA895E}.Local|Any CPU.ActiveCfg = Local|Any CPU
		{54C2B9E0-E4C3-4602-8346-977806DA895E}.Local|Any CPU.Build.0 = Local|Any CPU
		{54C2B9E0-E4C3-4602-8346-977806DA895E}.Release|Any CPU.ActiveCfg = Release|Any CPU
		{54C2B9E0-E4C3-4602-8346-977806DA895E}.Release|Any CPU.Build.0 = Release|Any CPU
		{BCF08AAB-D264-43E9-B970-C2BE8AADF038}.Debug|Any CPU.ActiveCfg = Debug|Any CPU
		{BCF08AAB-D264-43E9-B970-C2BE8AADF038}.Debug|Any CPU.Build.0 = Debug|Any CPU
		{BCF08AAB-D264-43E9-B970-C2BE8AADF038}.Local|Any CPU.ActiveCfg = Local|Any CPU
		{BCF08AAB-D264-43E9-B970-C2BE8AADF038}.Local|Any CPU.Build.0 = Local|Any CPU
		{BCF08AAB-D264-43E9-B970-C2BE8AADF038}.Release|Any CPU.ActiveCfg = Release|Any CPU
		{BCF08AAB-D264-43E9-B970-C2BE8AADF038}.Release|Any CPU.Build.0 = Release|Any CPU
		{A3E380CE-6E44-4ED4-BBF6-BF08FA4DAE6D}.Debug|Any CPU.ActiveCfg = Debug|Any CPU
		{A3E380CE-6E44-4ED4-BBF6-BF08FA4DAE6D}.Debug|Any CPU.Build.0 = Debug|Any CPU
		{A3E380CE-6E44-4ED4-BBF6-BF08FA4DAE6D}.Local|Any CPU.ActiveCfg = Local|Any CPU
		{A3E380CE-6E44-4ED4-BBF6-BF08FA4DAE6D}.Local|Any CPU.Build.0 = Local|Any CPU
		{A3E380CE-6E44-4ED4-BBF6-BF08FA4DAE6D}.Release|Any CPU.ActiveCfg = Release|Any CPU
		{A3E380CE-6E44-4ED4-BBF6-BF08FA4DAE6D}.Release|Any CPU.Build.0 = Release|Any CPU
	EndGlobalSection
	GlobalSection(SolutionProperties) = preSolution
		HideSolutionNode = FALSE
	EndGlobalSection
	GlobalSection(NestedProjects) = preSolution
		{BE2C7B5E-7A71-4B0C-9020-343ED2010993} = {735027A4-485E-4169-9BDA-B2FA16EDD418}
		{10D11044-C92C-42AD-830E-57012FF4F039} = {735027A4-485E-4169-9BDA-B2FA16EDD418}
		{207E1813-EC15-4C3B-ADBC-88E3733257E4} = {9B105C3A-2063-4875-9E32-C302EC4CC2C6}
		{02CA6A55-A771-4AD5-912A-484A2BBEFBD5} = {9B105C3A-2063-4875-9E32-C302EC4CC2C6}
		{2951D082-F37D-45F1-92FA-19DCFF3D8622} = {2CCF5185-7C29-403B-8D51-CB0F33848B7F}
		{C3E92DC8-F3C3-4CBF-BBC8-02B6DD440817} = {2CCF5185-7C29-403B-8D51-CB0F33848B7F}
		{D8CB2DA9-4AE4-417C-89C3-00555F5E1F47} = {C43AABE8-93C5-493B-BB27-0F646EAF6E7A}
		{1C7DB98E-AEC5-4921-A765-AC81F1B8E40A} = {0AC0F0FC-ACDC-460E-AB31-52C9EEBBFEE1}
		{182F83FE-F6C2-4B6C-BF65-48EDB28EA14A} = {0AC0F0FC-ACDC-460E-AB31-52C9EEBBFEE1}
		{1017C202-2EA7-4074-9BF9-276921403F3D} = {9F39D344-BD5E-4F19-A7DC-9384FA111DD2}
		{DCECEB8B-70F6-459F-8893-57218338D0F7} = {9F39D344-BD5E-4F19-A7DC-9384FA111DD2}
		{87B17C90-2562-4187-A152-3000DD9A6E1B} = {0F530B83-94A6-47DB-AF45-158F8ACE8DF5}
		{245211CB-E830-454E-BE75-DCFA904EBB8B} = {0F530B83-94A6-47DB-AF45-158F8ACE8DF5}
		{19BE6CC3-9715-4CFA-8B19-5CF42CAAE4A2} = {4D5970FE-3F07-4EC9-8382-0466F2F00AC0}
		{3F77A6DF-9683-4450-A0FE-45259461947F} = {4D5970FE-3F07-4EC9-8382-0466F2F00AC0}
		{152520F2-7D43-443B-B929-73BDFE9CE792} = {CC061747-CEC2-431C-97ED-4D77BF44A830}
		{B8CD6B76-6416-4C10-8746-EC65CA09B191} = {CC061747-CEC2-431C-97ED-4D77BF44A830}
		{FAC26029-1E00-43E5-B7DB-13318FC1092A} = {C43AABE8-93C5-493B-BB27-0F646EAF6E7A}
		{A87B5D9C-1ABE-4F11-A080-6903F7B456FA} = {4295310E-0B01-40F1-A33F-3B453BBDFF90}
		{426CF1B4-1AEC-42A3-B695-33BEE5A694F3} = {4295310E-0B01-40F1-A33F-3B453BBDFF90}
		{E1FC8D12-8344-419F-9AE1-B1495B6DEA32} = {C2152FBA-31D2-4141-9BE1-57A938135D9F}
		{A1FEF639-4BC1-48D8-BB7D-35E985FD404B} = {C2152FBA-31D2-4141-9BE1-57A938135D9F}
		{FFD0D5BB-8AD1-48E5-8F73-E009F743849F} = {735027A4-485E-4169-9BDA-B2FA16EDD418}
		{65D68C3F-E642-4676-84A0-168EA009477A} = {0AC0F0FC-ACDC-460E-AB31-52C9EEBBFEE1}
		{F9E0CC37-8473-423D-9C1F-3571050EA5FD} = {C43AABE8-93C5-493B-BB27-0F646EAF6E7A}
		{225DB06A-E12E-483A-B744-A3294649EE57} = {2CCF5185-7C29-403B-8D51-CB0F33848B7F}
		{0C678E5B-168D-4596-B7B9-EFEB3173413C} = {9B105C3A-2063-4875-9E32-C302EC4CC2C6}
		{18F93E5B-746A-4F78-B5EE-5F0F286DC78F} = {9F39D344-BD5E-4F19-A7DC-9384FA111DD2}
		{0B72CFCD-E3BF-490A-9591-9BD370F23859} = {6350B419-BA36-45CA-B21F-F791E6A987A8}
		{7BD6F057-3764-4E40-8CED-FD77DDDC81F6} = {0F530B83-94A6-47DB-AF45-158F8ACE8DF5}
		{6375B9A9-D1B7-42AB-A665-7EF6F9E7CFB7} = {4D5970FE-3F07-4EC9-8382-0466F2F00AC0}
		{A0F91DE1-7309-45B1-ADBC-D8388C6312C4} = {CC061747-CEC2-431C-97ED-4D77BF44A830}
		{4B4045B2-1B52-44B7-9CC2-42C761B56C9B} = {4295310E-0B01-40F1-A33F-3B453BBDFF90}
		{4D5970FE-3F07-4EC9-8382-0466F2F00AC0} = {CF9C0BCF-E877-47A2-BEF4-F0068F16F074}
		{0F530B83-94A6-47DB-AF45-158F8ACE8DF5} = {CF9C0BCF-E877-47A2-BEF4-F0068F16F074}
		{0AC0F0FC-ACDC-460E-AB31-52C9EEBBFEE1} = {CF9C0BCF-E877-47A2-BEF4-F0068F16F074}
		{CC061747-CEC2-431C-97ED-4D77BF44A830} = {CF9C0BCF-E877-47A2-BEF4-F0068F16F074}
		{9F39D344-BD5E-4F19-A7DC-9384FA111DD2} = {CF9C0BCF-E877-47A2-BEF4-F0068F16F074}
		{6350B419-BA36-45CA-B21F-F791E6A987A8} = {CF9C0BCF-E877-47A2-BEF4-F0068F16F074}
		{4295310E-0B01-40F1-A33F-3B453BBDFF90} = {3CB57DB2-A0E9-4C56-B3D4-9051F34BD2C1}
		{C43AABE8-93C5-493B-BB27-0F646EAF6E7A} = {3CB57DB2-A0E9-4C56-B3D4-9051F34BD2C1}
		{9B105C3A-2063-4875-9E32-C302EC4CC2C6} = {3CB57DB2-A0E9-4C56-B3D4-9051F34BD2C1}
		{2CCF5185-7C29-403B-8D51-CB0F33848B7F} = {3CB57DB2-A0E9-4C56-B3D4-9051F34BD2C1}
		{54C2B9E0-E4C3-4602-8346-977806DA895E} = {6350B419-BA36-45CA-B21F-F791E6A987A8}
		{51408171-3259-41A1-8621-5831B9CD569E} = {3CB57DB2-A0E9-4C56-B3D4-9051F34BD2C1}
		{BCF08AAB-D264-43E9-B970-C2BE8AADF038} = {51408171-3259-41A1-8621-5831B9CD569E}
		{E2D3CA80-F978-4BAC-A873-3DD939FC65AE} = {3CB57DB2-A0E9-4C56-B3D4-9051F34BD2C1}
		{A3E380CE-6E44-4ED4-BBF6-BF08FA4DAE6D} = {51408171-3259-41A1-8621-5831B9CD569E}
	EndGlobalSection
	GlobalSection(ExtensibilityGlobals) = postSolution
		SolutionGuid = {123279E2-15F8-4285-A8B5-109A33AF0FDD}
	EndGlobalSection
EndGlobal
